
Microsoft Visual Studio Solution File, Format Version 12.00
# Visual Studio Version 17
VisualStudioVersion = 17.6.33815.320
MinimumVisualStudioVersion = 10.0.40219.1
Project("{FAE04EC0-301F-11D3-BF4B-00C04F79EFBC}") = "CgfToolWIthApi", "CgfToolWIthApi.csproj", "{C3EACB48-9C05-4D3D-ADF7-71D964CCBC0E}"
EndProject
Global
	GlobalSection(SolutionConfigurationPlatforms) = preSolution
		Debug|Any CPU = Debug|Any CPU
		Release|Any CPU = Release|Any CPU
	EndGlobalSection
	GlobalSection(ProjectConfigurationPlatforms) = postSolution
		{C3EACB48-9C05-4D3D-ADF7-71D964CCBC0E}.Debug|Any CPU.ActiveCfg = Debug|Any CPU
		{C3EACB48-9C05-4D3D-ADF7-71D964CCBC0E}.Debug|Any CPU.Build.0 = Debug|Any CPU
		{C3EACB48-9C05-4D3D-ADF7-71D964CCBC0E}.Release|Any CPU.ActiveCfg = Release|Any CPU
		{C3EACB48-9C05-4D3D-ADF7-71D964CCBC0E}.Release|Any CPU.Build.0 = Release|Any CPU
	EndGlobalSection
	GlobalSection(SolutionProperties) = preSolution
		HideSolutionNode = FALSE
	EndGlobalSection
	GlobalSection(ExtensibilityGlobals) = postSolution
		SolutionGuid = {ED4D8031-7E33-4AC9-9A89-2AF29A83EDB0}
	EndGlobalSection
EndGlobal
